{
    "_readme": [
        "This file locks the dependencies of your project to a known state",
        "Read more about it at https://getcomposer.org/doc/01-basic-usage.md#installing-dependencies",
        "This file is @generated automatically"
    ],
    "content-hash": "679e3f6f23667e44fb0fd8703fc22feb",
    "packages": [],
    "packages-dev": [
        {
            "name": "composer/semver",
            "version": "3.2.6",
            "source": {
                "type": "git",
                "url": "https://github.com/composer/semver.git",
                "reference": "83e511e247de329283478496f7a1e114c9517506"
            },
            "dist": {
                "type": "zip",
                "url": "https://api.github.com/repos/composer/semver/zipball/83e511e247de329283478496f7a1e114c9517506",
                "reference": "83e511e247de329283478496f7a1e114c9517506",
                "shasum": ""
            },
            "require": {
                "php": "^5.3.2 || ^7.0 || ^8.0"
            },
            "require-dev": {
                "phpstan/phpstan": "^0.12.54",
                "symfony/phpunit-bridge": "^4.2 || ^5"
            },
            "type": "library",
            "extra": {
                "branch-alias": {
                    "dev-main": "3.x-dev"
                }
            },
            "autoload": {
                "psr-4": {
                    "Composer\\Semver\\": "src"
                }
            },
            "notification-url": "https://packagist.org/downloads/",
            "license": [
                "MIT"
            ],
            "authors": [
                {
                    "name": "Nils Adermann",
                    "email": "naderman@naderman.de",
                    "homepage": "http://www.naderman.de"
                },
                {
                    "name": "Jordi Boggiano",
                    "email": "j.boggiano@seld.be",
                    "homepage": "http://seld.be"
                },
                {
                    "name": "Rob Bast",
                    "email": "rob.bast@gmail.com",
                    "homepage": "http://robbast.nl"
                }
            ],
            "description": "Semver library that offers utilities, version constraint parsing and validation.",
            "keywords": [
                "semantic",
                "semver",
                "validation",
                "versioning"
            ],
            "support": {
                "irc": "irc://irc.freenode.org/composer",
                "issues": "https://github.com/composer/semver/issues",
                "source": "https://github.com/composer/semver/tree/3.2.6"
            },
            "funding": [
                {
                    "url": "https://packagist.com",
                    "type": "custom"
                },
                {
                    "url": "https://github.com/composer",
                    "type": "github"
                },
                {
                    "url": "https://tidelift.com/funding/github/packagist/composer/composer",
                    "type": "tidelift"
                }
            ],
            "time": "2021-10-25T11:34:17+00:00"
        },
        {
            "name": "composer/spdx-licenses",
            "version": "1.5.5",
            "source": {
                "type": "git",
                "url": "https://github.com/composer/spdx-licenses.git",
                "reference": "de30328a7af8680efdc03e396aad24befd513200"
            },
            "dist": {
                "type": "zip",
                "url": "https://api.github.com/repos/composer/spdx-licenses/zipball/de30328a7af8680efdc03e396aad24befd513200",
                "reference": "de30328a7af8680efdc03e396aad24befd513200",
                "shasum": ""
            },
            "require": {
                "php": "^5.3.2 || ^7.0 || ^8.0"
            },
            "require-dev": {
                "phpunit/phpunit": "^4.8.35 || ^5.7 || 6.5 - 7"
            },
            "type": "library",
            "extra": {
                "branch-alias": {
                    "dev-main": "1.x-dev"
                }
            },
            "autoload": {
                "psr-4": {
                    "Composer\\Spdx\\": "src"
                }
            },
            "notification-url": "https://packagist.org/downloads/",
            "license": [
                "MIT"
            ],
            "authors": [
                {
                    "name": "Nils Adermann",
                    "email": "naderman@naderman.de",
                    "homepage": "http://www.naderman.de"
                },
                {
                    "name": "Jordi Boggiano",
                    "email": "j.boggiano@seld.be",
                    "homepage": "http://seld.be"
                },
                {
                    "name": "Rob Bast",
                    "email": "rob.bast@gmail.com",
                    "homepage": "http://robbast.nl"
                }
            ],
            "description": "SPDX licenses list and validation library.",
            "keywords": [
                "license",
                "spdx",
                "validator"
            ],
            "support": {
                "irc": "irc://irc.freenode.org/composer",
                "issues": "https://github.com/composer/spdx-licenses/issues",
                "source": "https://github.com/composer/spdx-licenses/tree/1.5.5"
            },
            "funding": [
                {
                    "url": "https://packagist.com",
                    "type": "custom"
                },
                {
                    "url": "https://github.com/composer",
                    "type": "github"
                },
                {
                    "url": "https://tidelift.com/funding/github/packagist/composer/composer",
                    "type": "tidelift"
                }
            ],
            "time": "2020-12-03T16:04:16+00:00"
        },
        {
            "name": "mediawiki/mediawiki-codesniffer",
            "version": "v38.0.0",
            "source": {
                "type": "git",
                "url": "https://github.com/wikimedia/mediawiki-tools-codesniffer.git",
                "reference": "059db7ef17adf2fd1088c42a05e6736e5c2aab2a"
            },
            "dist": {
                "type": "zip",
                "url": "https://api.github.com/repos/wikimedia/mediawiki-tools-codesniffer/zipball/059db7ef17adf2fd1088c42a05e6736e5c2aab2a",
                "reference": "059db7ef17adf2fd1088c42a05e6736e5c2aab2a",
                "shasum": ""
            },
            "require": {
                "composer/semver": "^1.7.2|^3.2.4",
                "composer/spdx-licenses": "~1.5.2",
                "ext-mbstring": "*",
                "php": ">=7.2.0",
                "squizlabs/php_codesniffer": "3.6.1"
            },
            "require-dev": {
                "mediawiki/mediawiki-phan-config": "0.11.0",
                "mediawiki/minus-x": "1.1.1",
                "php-parallel-lint/php-console-highlighter": "0.5.0",
                "php-parallel-lint/php-parallel-lint": "1.3.1",
                "phpunit/phpunit": "^8.5"
            },
            "type": "phpcodesniffer-standard",
            "autoload": {
                "psr-4": {
                    "MediaWiki\\Sniffs\\": "MediaWiki/Sniffs/",
                    "MediaWiki\\Sniffs\\Tests\\": "MediaWiki/Tests/"
                }
            },
            "notification-url": "https://packagist.org/downloads/",
            "license": [
                "GPL-2.0-or-later"
            ],
            "description": "MediaWiki CodeSniffer Standards",
            "homepage": "https://www.mediawiki.org/wiki/Manual:Coding_conventions/PHP",
            "keywords": [
                "codesniffer",
                "mediawiki"
            ],
            "support": {
                "source": "https://github.com/wikimedia/mediawiki-tools-codesniffer/tree/v38.0.0"
            },
            "time": "2021-10-21T18:15:41+00:00"
        },
        {
            "name": "php-parallel-lint/php-parallel-lint",
            "version": "v1.3.1",
            "source": {
                "type": "git",
                "url": "https://github.com/php-parallel-lint/PHP-Parallel-Lint.git",
                "reference": "761f3806e30239b5fcd90a0a45d41dc2138de192"
            },
            "dist": {
                "type": "zip",
                "url": "https://api.github.com/repos/php-parallel-lint/PHP-Parallel-Lint/zipball/761f3806e30239b5fcd90a0a45d41dc2138de192",
                "reference": "761f3806e30239b5fcd90a0a45d41dc2138de192",
                "shasum": ""
            },
            "require": {
                "ext-json": "*",
                "php": ">=5.3.0"
            },
            "replace": {
                "grogy/php-parallel-lint": "*",
                "jakub-onderka/php-parallel-lint": "*"
            },
            "require-dev": {
                "nette/tester": "^1.3 || ^2.0",
                "php-parallel-lint/php-console-highlighter": "~0.3",
                "squizlabs/php_codesniffer": "^3.6"
            },
            "suggest": {
                "php-parallel-lint/php-console-highlighter": "Highlight syntax in code snippet"
            },
            "bin": [
                "parallel-lint"
            ],
            "type": "library",
            "autoload": {
                "classmap": [
                    "./"
                ]
            },
            "notification-url": "https://packagist.org/downloads/",
            "license": [
                "BSD-2-Clause"
            ],
            "authors": [
                {
                    "name": "Jakub Onderka",
                    "email": "ahoj@jakubonderka.cz"
                }
            ],
            "description": "This tool check syntax of PHP files about 20x faster than serial check.",
            "homepage": "https://github.com/php-parallel-lint/PHP-Parallel-Lint",
            "support": {
                "issues": "https://github.com/php-parallel-lint/PHP-Parallel-Lint/issues",
                "source": "https://github.com/php-parallel-lint/PHP-Parallel-Lint/tree/v1.3.1"
            },
            "time": "2021-08-13T05:35:13+00:00"
        },
        {
            "name": "squizlabs/php_codesniffer",
            "version": "3.6.1",
            "source": {
                "type": "git",
                "url": "https://github.com/squizlabs/PHP_CodeSniffer.git",
                "reference": "f268ca40d54617c6e06757f83f699775c9b3ff2e"
            },
            "dist": {
                "type": "zip",
                "url": "https://api.github.com/repos/squizlabs/PHP_CodeSniffer/zipball/f268ca40d54617c6e06757f83f699775c9b3ff2e",
                "reference": "f268ca40d54617c6e06757f83f699775c9b3ff2e",
                "shasum": ""
            },
            "require": {
                "ext-simplexml": "*",
                "ext-tokenizer": "*",
                "ext-xmlwriter": "*",
                "php": ">=5.4.0"
            },
            "require-dev": {
                "phpunit/phpunit": "^4.0 || ^5.0 || ^6.0 || ^7.0"
            },
            "bin": [
                "bin/phpcs",
                "bin/phpcbf"
            ],
            "type": "library",
            "extra": {
                "branch-alias": {
                    "dev-master": "3.x-dev"
                }
            },
            "notification-url": "https://packagist.org/downloads/",
            "license": [
                "BSD-3-Clause"
            ],
            "authors": [
                {
                    "name": "Greg Sherwood",
                    "role": "lead"
                }
            ],
            "description": "PHP_CodeSniffer tokenizes PHP, JavaScript and CSS files and detects violations of a defined set of coding standards.",
            "homepage": "https://github.com/squizlabs/PHP_CodeSniffer",
            "keywords": [
                "phpcs",
                "standards"
            ],
            "support": {
                "issues": "https://github.com/squizlabs/PHP_CodeSniffer/issues",
                "source": "https://github.com/squizlabs/PHP_CodeSniffer",
                "wiki": "https://github.com/squizlabs/PHP_CodeSniffer/wiki"
            },
            "time": "2021-10-11T04:00:11+00:00"
        }
    ],
    "aliases": [],
    "minimum-stability": "stable",
    "stability-flags": [],
    "prefer-stable": false,
    "prefer-lowest": false,
    "platform": [],
    "platform-dev": [],
    "plugin-api-version": "2.1.0"
}
