# THIS IS AN AUTOGENERATED FILE. DO NOT EDIT THIS FILE DIRECTLY.
# yarn lockfile v1


"@prettier/plugin-xml@^0.13.1":
  version "0.13.1"
  resolved "https://registry.yarnpkg.com/@prettier/plugin-xml/-/plugin-xml-0.13.1.tgz#fb1c265fb8256c509da187b5a530c3eb2bf80091"
  integrity sha512-jJbjvFEsxOT2Jhv2yydOvJbnSREJy+OECwHyZaYr05jLXlJeBrzy5YY1fDYpwTfKk1B2YqNExXI+x3Zm5yGfeA==
  dependencies:
    "@xml-tools/parser" "^1.0.2"
    prettier ">=1.10"

"@xml-tools/parser@^1.0.2":
  version "1.0.10"
  resolved "https://registry.yarnpkg.com/@xml-tools/parser/-/parser-1.0.10.tgz#d1dd3a4323d713fcca5279005c96b37058ccbc33"
  integrity sha512-9oRb68wEKT+MRB7e2GwTiKicRKVXKzquBDGgH6YcGafvnSYXorWi2oaTVtbv2109RlGiQSnoXaQFUXCnHwFS7Q==
  dependencies:
    chevrotain "7.1.1"

chevrotain@7.1.1:
  version "7.1.1"
  resolved "https://registry.yarnpkg.com/chevrotain/-/chevrotain-7.1.1.tgz#5122814eafd1585a9601f9180a7be9c42d5699c6"
  integrity sha512-wy3mC1x4ye+O+QkEinVJkPf5u2vsrDIYW9G7ZuwFl6v/Yu0LwUuT2POsb+NUWApebyxfkQq6+yDfRExbnI5rcw==
  dependencies:
    regexp-to-ast "0.5.0"

prettier@>=1.10, prettier@^2.3.0:
  version "2.3.0"
  resolved "https://registry.yarnpkg.com/prettier/-/prettier-2.3.0.tgz#b6a5bf1284026ae640f17f7ff5658a7567fc0d18"
  integrity sha512-kXtO4s0Lz/DW/IJ9QdWhAf7/NmPWQXkFr/r/WkR3vyI+0v8amTDxiaQSLzs8NBlytfLWX/7uQUMIW677yLKl4w==

regexp-to-ast@0.5.0:
  version "0.5.0"
  resolved "https://registry.yarnpkg.com/regexp-to-ast/-/regexp-to-ast-0.5.0.tgz#56c73856bee5e1fef7f73a00f1473452ab712a24"
  integrity sha512-tlbJqcMHnPKI9zSrystikWKwHkBqu2a/Sgw01h3zFjvYrMxEDYHzzoMZnUrbIfpTFEsoRnnviOXNCzFiSc54Qw==
